
Microsoft Visual Studio Solution File, Format Version 12.00
# Visual Studio Version 17
VisualStudioVersion = 17.7.34221.43
MinimumVisualStudioVersion = 10.0.40219.1
Project("{FAE04EC0-301F-11D3-BF4B-00C04F79EFBC}") = "EasyGoServer", "EasyGoServer\EasyGoServer.csproj", "{90CEC8DE-BA22-41B4-B8F4-81EB3A10D8B6}"
EndProject
Global
	GlobalSection(SolutionConfigurationPlatforms) = preSolution
		Debug|Any CPU = Debug|Any CPU
		Release|Any CPU = Release|Any CPU
	EndGlobalSection
	GlobalSection(ProjectConfigurationPlatforms) = postSolution
		{90CEC8DE-BA22-41B4-B8F4-81EB3A10D8B6}.Debug|Any CPU.ActiveCfg = Debug|Any CPU
		{90CEC8DE-BA22-41B4-B8F4-81EB3A10D8B6}.Debug|Any CPU.Build.0 = Debug|Any CPU
		{90CEC8DE-BA22-41B4-B8F4-81EB3A10D8B6}.Release|Any CPU.ActiveCfg = Release|Any CPU
		{90CEC8DE-BA22-41B4-B8F4-81EB3A10D8B6}.Release|Any CPU.Build.0 = Release|Any CPU
	EndGlobalSection
	GlobalSection(SolutionProperties) = preSolution
		HideSolutionNode = FALSE
	EndGlobalSection
	GlobalSection(ExtensibilityGlobals) = postSolution
		SolutionGuid = {AFCAC65A-8995-4152-A834-32C9FB709A09}
	EndGlobalSection
EndGlobal
